
Microsoft Visual Studio Solution File, Format Version 12.00
# Visual Studio Version 16
VisualStudioVersion = 16.0.32510.428
MinimumVisualStudioVersion = 10.0.40219.1
Project("{FAE04EC0-301F-11D3-BF4B-00C04F79EFBC}") = "ChargePlanning", "ChargePlanning\ChargePlanning.csproj", "{27C94396-71BB-42A1-8612-C5608C7C1F36}"
EndProject
Global
	GlobalSection(SolutionConfigurationPlatforms) = preSolution
		Debug|Any CPU = Debug|Any CPU
		Release|Any CPU = Release|Any CPU
	EndGlobalSection
	GlobalSection(ProjectConfigurationPlatforms) = postSolution
		{27C94396-71BB-42A1-8612-C5608C7C1F36}.Debug|Any CPU.ActiveCfg = Debug|Any CPU
		{27C94396-71BB-42A1-8612-C5608C7C1F36}.Debug|Any CPU.Build.0 = Debug|Any CPU
		{27C94396-71BB-42A1-8612-C5608C7C1F36}.Release|Any CPU.ActiveCfg = Release|Any CPU
		{27C94396-71BB-42A1-8612-C5608C7C1F36}.Release|Any CPU.Build.0 = Release|Any CPU
	EndGlobalSection
	GlobalSection(SolutionProperties) = preSolution
		HideSolutionNode = FALSE
	EndGlobalSection
	GlobalSection(ExtensibilityGlobals) = postSolution
		SolutionGuid = {8426E563-BB6E-4620-9764-A4C3C760C5DA}
	EndGlobalSection
EndGlobal
